
Microsoft Visual Studio Solution File, Format Version 12.00
# Visual Studio 14
VisualStudioVersion = 14.0.25420.1
MinimumVisualStudioVersion = 10.0.40219.1
Project("{8BC9CEB8-8B4A-11D0-8D11-00A0C91BC942}") = "Calculord", "Calculord\Calculord.vcxproj", "{305B131F-AB19-453A-A1B8-C75E5B1037FB}"
EndProject
Project("{FAE04EC0-301F-11D3-BF4B-00C04F79EFBC}") = "CalcuLord.NET", "CalcuLord.NET\CalcuLord.NET.csproj", "{B6473397-4366-4DEF-B1B3-B331E41AAE91}"
EndProject
Project("{FAE04EC0-301F-11D3-BF4B-00C04F79EFBC}") = "Calculord.NET.Tests", "Calculord.NET.Tests\Calculord.NET.Tests.csproj", "{D852E18D-8EAB-46B9-9D56-C253B19D6F4E}"
EndProject
Global
	GlobalSection(SolutionConfigurationPlatforms) = preSolution
		Debug|Any CPU = Debug|Any CPU
		Debug|x64 = Debug|x64
		Debug|x86 = Debug|x86
		Release|Any CPU = Release|Any CPU
		Release|x64 = Release|x64
		Release|x86 = Release|x86
	EndGlobalSection
	GlobalSection(ProjectConfigurationPlatforms) = postSolution
		{305B131F-AB19-453A-A1B8-C75E5B1037FB}.Debug|Any CPU.ActiveCfg = Debug|Win32
		{305B131F-AB19-453A-A1B8-C75E5B1037FB}.Debug|x64.ActiveCfg = Debug|x64
		{305B131F-AB19-453A-A1B8-C75E5B1037FB}.Debug|x64.Build.0 = Debug|x64
		{305B131F-AB19-453A-A1B8-C75E5B1037FB}.Debug|x86.ActiveCfg = Release|Win32
		{305B131F-AB19-453A-A1B8-C75E5B1037FB}.Debug|x86.Build.0 = Release|Win32
		{305B131F-AB19-453A-A1B8-C75E5B1037FB}.Release|Any CPU.ActiveCfg = Release|Win32
		{305B131F-AB19-453A-A1B8-C75E5B1037FB}.Release|x64.ActiveCfg = Release|x64
		{305B131F-AB19-453A-A1B8-C75E5B1037FB}.Release|x64.Build.0 = Release|x64
		{305B131F-AB19-453A-A1B8-C75E5B1037FB}.Release|x86.ActiveCfg = Release|Win32
		{305B131F-AB19-453A-A1B8-C75E5B1037FB}.Release|x86.Build.0 = Release|Win32
		{B6473397-4366-4DEF-B1B3-B331E41AAE91}.Debug|Any CPU.ActiveCfg = Debug|Any CPU
		{B6473397-4366-4DEF-B1B3-B331E41AAE91}.Debug|Any CPU.Build.0 = Debug|Any CPU
		{B6473397-4366-4DEF-B1B3-B331E41AAE91}.Debug|x64.ActiveCfg = Debug|Any CPU
		{B6473397-4366-4DEF-B1B3-B331E41AAE91}.Debug|x64.Build.0 = Debug|Any CPU
		{B6473397-4366-4DEF-B1B3-B331E41AAE91}.Debug|x86.ActiveCfg = Debug|Any CPU
		{B6473397-4366-4DEF-B1B3-B331E41AAE91}.Debug|x86.Build.0 = Debug|Any CPU
		{B6473397-4366-4DEF-B1B3-B331E41AAE91}.Release|Any CPU.ActiveCfg = Release|Any CPU
		{B6473397-4366-4DEF-B1B3-B331E41AAE91}.Release|Any CPU.Build.0 = Release|Any CPU
		{B6473397-4366-4DEF-B1B3-B331E41AAE91}.Release|x64.ActiveCfg = Release|Any CPU
		{B6473397-4366-4DEF-B1B3-B331E41AAE91}.Release|x64.Build.0 = Release|Any CPU
		{B6473397-4366-4DEF-B1B3-B331E41AAE91}.Release|x86.ActiveCfg = Release|Any CPU
		{B6473397-4366-4DEF-B1B3-B331E41AAE91}.Release|x86.Build.0 = Release|Any CPU
		{D852E18D-8EAB-46B9-9D56-C253B19D6F4E}.Debug|Any CPU.ActiveCfg = Debug|Any CPU
		{D852E18D-8EAB-46B9-9D56-C253B19D6F4E}.Debug|Any CPU.Build.0 = Debug|Any CPU
		{D852E18D-8EAB-46B9-9D56-C253B19D6F4E}.Debug|x64.ActiveCfg = Debug|Any CPU
		{D852E18D-8EAB-46B9-9D56-C253B19D6F4E}.Debug|x64.Build.0 = Debug|Any CPU
		{D852E18D-8EAB-46B9-9D56-C253B19D6F4E}.Debug|x86.ActiveCfg = Debug|Any CPU
		{D852E18D-8EAB-46B9-9D56-C253B19D6F4E}.Debug|x86.Build.0 = Debug|Any CPU
		{D852E18D-8EAB-46B9-9D56-C253B19D6F4E}.Release|Any CPU.ActiveCfg = Release|Any CPU
		{D852E18D-8EAB-46B9-9D56-C253B19D6F4E}.Release|Any CPU.Build.0 = Release|Any CPU
		{D852E18D-8EAB-46B9-9D56-C253B19D6F4E}.Release|x64.ActiveCfg = Release|Any CPU
		{D852E18D-8EAB-46B9-9D56-C253B19D6F4E}.Release|x64.Build.0 = Release|Any CPU
		{D852E18D-8EAB-46B9-9D56-C253B19D6F4E}.Release|x86.ActiveCfg = Release|Any CPU
		{D852E18D-8EAB-46B9-9D56-C253B19D6F4E}.Release|x86.Build.0 = Release|Any CPU
	EndGlobalSection
	GlobalSection(SolutionProperties) = preSolution
		HideSolutionNode = FALSE
	EndGlobalSection
EndGlobal
